
Microsoft Visual Studio Solution File, Format Version 12.00
# Visual Studio 15
VisualStudioVersion = 15.0.26430.13
MinimumVisualStudioVersion = 10.0.40219.1
Project("{FAE04EC0-301F-11D3-BF4B-00C04F79EFBC}") = "Pleberr", "Pleberr\Pleberr.csproj", "{C1BE31BB-D7CB-4501-BBE5-6ED46B383B9D}"
EndProject
Project("{00D1A9C2-B5F0-4AF3-8072-F6C62B433612}") = "Database", "Database\Database.sqlproj", "{A9059C6E-3FC8-4864-8C67-DAE03909810A}"
EndProject
Global
	GlobalSection(SolutionConfigurationPlatforms) = preSolution
		Debug|Any CPU = Debug|Any CPU
		Release|Any CPU = Release|Any CPU
	EndGlobalSection
	GlobalSection(ProjectConfigurationPlatforms) = postSolution
		{C1BE31BB-D7CB-4501-BBE5-6ED46B383B9D}.Debug|Any CPU.ActiveCfg = Debug|Any CPU
		{C1BE31BB-D7CB-4501-BBE5-6ED46B383B9D}.Debug|Any CPU.Build.0 = Debug|Any CPU
		{C1BE31BB-D7CB-4501-BBE5-6ED46B383B9D}.Release|Any CPU.ActiveCfg = Release|Any CPU
		{C1BE31BB-D7CB-4501-BBE5-6ED46B383B9D}.Release|Any CPU.Build.0 = Release|Any CPU
		{A9059C6E-3FC8-4864-8C67-DAE03909810A}.Debug|Any CPU.ActiveCfg = Debug|Any CPU
		{A9059C6E-3FC8-4864-8C67-DAE03909810A}.Debug|Any CPU.Build.0 = Debug|Any CPU
		{A9059C6E-3FC8-4864-8C67-DAE03909810A}.Debug|Any CPU.Deploy.0 = Debug|Any CPU
		{A9059C6E-3FC8-4864-8C67-DAE03909810A}.Release|Any CPU.ActiveCfg = Release|Any CPU
		{A9059C6E-3FC8-4864-8C67-DAE03909810A}.Release|Any CPU.Build.0 = Release|Any CPU
		{A9059C6E-3FC8-4864-8C67-DAE03909810A}.Release|Any CPU.Deploy.0 = Release|Any CPU
	EndGlobalSection
	GlobalSection(SolutionProperties) = preSolution
		HideSolutionNode = FALSE
	EndGlobalSection
EndGlobal
